
Microsoft Visual Studio Solution File, Format Version 12.00
# Visual Studio Version 16
VisualStudioVersion = 16.0.29911.84
MinimumVisualStudioVersion = 10.0.40219.1
Project("{9A19103F-16F7-4668-BE54-9A1E7A4F7556}") = "TextGameProyect", "WpfApp1\TextGameProyect.csproj", "{19DB67EA-9753-45E4-8C3D-0E9F07044153}"
EndProject
Global
	GlobalSection(SolutionConfigurationPlatforms) = preSolution
		Debug|Any CPU = Debug|Any CPU
		Release|Any CPU = Release|Any CPU
	EndGlobalSection
	GlobalSection(ProjectConfigurationPlatforms) = postSolution
		{19DB67EA-9753-45E4-8C3D-0E9F07044153}.Debug|Any CPU.ActiveCfg = Debug|Any CPU
		{19DB67EA-9753-45E4-8C3D-0E9F07044153}.Debug|Any CPU.Build.0 = Debug|Any CPU
		{19DB67EA-9753-45E4-8C3D-0E9F07044153}.Release|Any CPU.ActiveCfg = Release|Any CPU
		{19DB67EA-9753-45E4-8C3D-0E9F07044153}.Release|Any CPU.Build.0 = Release|Any CPU
	EndGlobalSection
	GlobalSection(SolutionProperties) = preSolution
		HideSolutionNode = FALSE
	EndGlobalSection
	GlobalSection(ExtensibilityGlobals) = postSolution
		SolutionGuid = {B560CB90-BE84-4C6C-886E-3A16EA06BCAB}
	EndGlobalSection
EndGlobal
